
Microsoft Visual Studio Solution File, Format Version 12.00
# Visual Studio 2013
VisualStudioVersion = 12.0.40629.0
MinimumVisualStudioVersion = 10.0.40219.1
Project("{FAE04EC0-301F-11D3-BF4B-00C04F79EFBC}") = "walkerroadlib", "walkerroadlib\walkerroadlib.csproj", "{BC627F8A-57E5-40C6-B30C-7E29BEEA063B}"
EndProject
Project("{FAE04EC0-301F-11D3-BF4B-00C04F79EFBC}") = "walkerroadtest", "walkerroadtest\walkerroadtest.csproj", "{92DF16BA-4CF8-4CAE-9305-BDC9FDECEA7C}"
EndProject
Project("{FAE04EC0-301F-11D3-BF4B-00C04F79EFBC}") = "jacobsenroad", "jacobsenroad\jacobsenroad.csproj", "{48C7925B-7014-488D-B5CF-5B195020664C}"
EndProject
Project("{FAE04EC0-301F-11D3-BF4B-00C04F79EFBC}") = "walkerroad_d", "walkerroad_d\walkerroad_d.csproj", "{5876B72F-928F-4873-918C-2BB01ED2EEFC}"
EndProject
Project("{FAE04EC0-301F-11D3-BF4B-00C04F79EFBC}") = "walkerroad_c", "walkerroad_c\walkerroad_c.csproj", "{9CC9B6D0-1765-4974-AA08-60E86E7A8338}"
EndProject
Project("{8BC9CEB8-8B4A-11D0-8D11-00A0C91BC942}") = "pinefarm_lib", "pinefarm_lib\pinefarm_lib.vcxproj", "{B1A0C693-743B-4D44-B043-FC021CA6CAC7}"
	ProjectSection(ProjectDependencies) = postProject
		{5B893221-B35C-4E2A-97C4-AB3BD3459D7D} = {5B893221-B35C-4E2A-97C4-AB3BD3459D7D}
		{1AC93E3D-3A5E-4212-8565-B29E6A389528} = {1AC93E3D-3A5E-4212-8565-B29E6A389528}
	EndProjectSection
EndProject
Project("{8BC9CEB8-8B4A-11D0-8D11-00A0C91BC942}") = "pinefarm_d", "pinefarm_d\pinefarm_d.vcxproj", "{A03257B3-13B7-4533-8141-A91752F45F51}"
	ProjectSection(ProjectDependencies) = postProject
		{B1A0C693-743B-4D44-B043-FC021CA6CAC7} = {B1A0C693-743B-4D44-B043-FC021CA6CAC7}
	EndProjectSection
EndProject
Project("{FAE04EC0-301F-11D3-BF4B-00C04F79EFBC}") = "pinefarm_gui_c", "pinefarm_gui_c\pinefarm_gui_c.csproj", "{7C5A8968-812A-4E88-A9AE-A645376A670E}"
EndProject
Project("{8BC9CEB8-8B4A-11D0-8D11-00A0C91BC942}") = "pinefarm_test", "pinefarm_test\pinefarm_test.vcxproj", "{489F91AE-B1B4-4BB0-B0DA-3AE47F01D026}"
	ProjectSection(ProjectDependencies) = postProject
		{1AC93E3D-3A5E-4212-8565-B29E6A389528} = {1AC93E3D-3A5E-4212-8565-B29E6A389528}
		{B1A0C693-743B-4D44-B043-FC021CA6CAC7} = {B1A0C693-743B-4D44-B043-FC021CA6CAC7}
		{5C68B0CD-DA0D-4EBB-900F-337FE3C34E67} = {5C68B0CD-DA0D-4EBB-900F-337FE3C34E67}
		{F8C034D9-F8D9-445A-8046-9C670D0ABCE0} = {F8C034D9-F8D9-445A-8046-9C670D0ABCE0}
	EndProjectSection
EndProject
Project("{8BC9CEB8-8B4A-11D0-8D11-00A0C91BC942}") = "chatlib", "chatlib\chatlib.vcxproj", "{1AC93E3D-3A5E-4212-8565-B29E6A389528}"
EndProject
Project("{8BC9CEB8-8B4A-11D0-8D11-00A0C91BC942}") = "gamelib", "gamelib\gamelib.vcxproj", "{5B893221-B35C-4E2A-97C4-AB3BD3459D7D}"
EndProject
Project("{8BC9CEB8-8B4A-11D0-8D11-00A0C91BC942}") = "stockticker_l", "stockticker_l\stockticker_l.vcxproj", "{F8C034D9-F8D9-445A-8046-9C670D0ABCE0}"
EndProject
Project("{8BC9CEB8-8B4A-11D0-8D11-00A0C91BC942}") = "smtp_l", "smtp_l\smtp_l.vcxproj", "{5C68B0CD-DA0D-4EBB-900F-337FE3C34E67}"
EndProject
Project("{FAE04EC0-301F-11D3-BF4B-00C04F79EFBC}") = "smtp_c", "smtp_c\smtp_c.csproj", "{6D4F3F5E-83B1-4923-A8AB-03E664E91A1B}"
EndProject
Project("{8BC9CEB8-8B4A-11D0-8D11-00A0C91BC942}") = "smtp_d", "smtp_d\smtp_d.vcxproj", "{8BD15C57-8CD1-4A47-ADE7-2A9FC0EEC79C}"
	ProjectSection(ProjectDependencies) = postProject
		{5B893221-B35C-4E2A-97C4-AB3BD3459D7D} = {5B893221-B35C-4E2A-97C4-AB3BD3459D7D}
		{1AC93E3D-3A5E-4212-8565-B29E6A389528} = {1AC93E3D-3A5E-4212-8565-B29E6A389528}
		{B1A0C693-743B-4D44-B043-FC021CA6CAC7} = {B1A0C693-743B-4D44-B043-FC021CA6CAC7}
		{5C68B0CD-DA0D-4EBB-900F-337FE3C34E67} = {5C68B0CD-DA0D-4EBB-900F-337FE3C34E67}
	EndProjectSection
EndProject
Project("{8BC9CEB8-8B4A-11D0-8D11-00A0C91BC942}") = "pop3_l", "pop3_l\pop3_l.vcxproj", "{11A0505A-0A3B-4C19-AE51-10E5E3999BF7}"
EndProject
Project("{8BC9CEB8-8B4A-11D0-8D11-00A0C91BC942}") = "pop3_d", "pop3_d\pop3_d.vcxproj", "{EECAA793-79C7-4201-838C-52B9F146EFCD}"
	ProjectSection(ProjectDependencies) = postProject
		{11A0505A-0A3B-4C19-AE51-10E5E3999BF7} = {11A0505A-0A3B-4C19-AE51-10E5E3999BF7}
	EndProjectSection
EndProject
Project("{FAE04EC0-301F-11D3-BF4B-00C04F79EFBC}") = "pop3_c", "pop3_c\pop3_c.csproj", "{51427634-757F-47C2-94FE-15921ADCA582}"
EndProject
Global
	GlobalSection(SolutionConfigurationPlatforms) = preSolution
		Debug|Any CPU = Debug|Any CPU
		Debug|Mixed Platforms = Debug|Mixed Platforms
		Debug|Win32 = Debug|Win32
		Release|Any CPU = Release|Any CPU
		Release|Mixed Platforms = Release|Mixed Platforms
		Release|Win32 = Release|Win32
	EndGlobalSection
	GlobalSection(ProjectConfigurationPlatforms) = postSolution
		{BC627F8A-57E5-40C6-B30C-7E29BEEA063B}.Debug|Any CPU.ActiveCfg = Debug|Any CPU
		{BC627F8A-57E5-40C6-B30C-7E29BEEA063B}.Debug|Any CPU.Build.0 = Debug|Any CPU
		{BC627F8A-57E5-40C6-B30C-7E29BEEA063B}.Debug|Mixed Platforms.ActiveCfg = Debug|Any CPU
		{BC627F8A-57E5-40C6-B30C-7E29BEEA063B}.Debug|Mixed Platforms.Build.0 = Debug|Any CPU
		{BC627F8A-57E5-40C6-B30C-7E29BEEA063B}.Debug|Win32.ActiveCfg = Debug|Any CPU
		{BC627F8A-57E5-40C6-B30C-7E29BEEA063B}.Release|Any CPU.ActiveCfg = Release|Any CPU
		{BC627F8A-57E5-40C6-B30C-7E29BEEA063B}.Release|Any CPU.Build.0 = Release|Any CPU
		{BC627F8A-57E5-40C6-B30C-7E29BEEA063B}.Release|Mixed Platforms.ActiveCfg = Release|Any CPU
		{BC627F8A-57E5-40C6-B30C-7E29BEEA063B}.Release|Mixed Platforms.Build.0 = Release|Any CPU
		{BC627F8A-57E5-40C6-B30C-7E29BEEA063B}.Release|Win32.ActiveCfg = Release|Any CPU
		{92DF16BA-4CF8-4CAE-9305-BDC9FDECEA7C}.Debug|Any CPU.ActiveCfg = Debug|Any CPU
		{92DF16BA-4CF8-4CAE-9305-BDC9FDECEA7C}.Debug|Any CPU.Build.0 = Debug|Any CPU
		{92DF16BA-4CF8-4CAE-9305-BDC9FDECEA7C}.Debug|Mixed Platforms.ActiveCfg = Debug|Any CPU
		{92DF16BA-4CF8-4CAE-9305-BDC9FDECEA7C}.Debug|Mixed Platforms.Build.0 = Debug|Any CPU
		{92DF16BA-4CF8-4CAE-9305-BDC9FDECEA7C}.Debug|Win32.ActiveCfg = Debug|Any CPU
		{92DF16BA-4CF8-4CAE-9305-BDC9FDECEA7C}.Release|Any CPU.ActiveCfg = Release|Any CPU
		{92DF16BA-4CF8-4CAE-9305-BDC9FDECEA7C}.Release|Any CPU.Build.0 = Release|Any CPU
		{92DF16BA-4CF8-4CAE-9305-BDC9FDECEA7C}.Release|Mixed Platforms.ActiveCfg = Release|Any CPU
		{92DF16BA-4CF8-4CAE-9305-BDC9FDECEA7C}.Release|Mixed Platforms.Build.0 = Release|Any CPU
		{92DF16BA-4CF8-4CAE-9305-BDC9FDECEA7C}.Release|Win32.ActiveCfg = Release|Any CPU
		{48C7925B-7014-488D-B5CF-5B195020664C}.Debug|Any CPU.ActiveCfg = Debug|Any CPU
		{48C7925B-7014-488D-B5CF-5B195020664C}.Debug|Any CPU.Build.0 = Debug|Any CPU
		{48C7925B-7014-488D-B5CF-5B195020664C}.Debug|Mixed Platforms.ActiveCfg = Debug|Any CPU
		{48C7925B-7014-488D-B5CF-5B195020664C}.Debug|Mixed Platforms.Build.0 = Debug|Any CPU
		{48C7925B-7014-488D-B5CF-5B195020664C}.Debug|Win32.ActiveCfg = Debug|Any CPU
		{48C7925B-7014-488D-B5CF-5B195020664C}.Release|Any CPU.ActiveCfg = Release|Any CPU
		{48C7925B-7014-488D-B5CF-5B195020664C}.Release|Any CPU.Build.0 = Release|Any CPU
		{48C7925B-7014-488D-B5CF-5B195020664C}.Release|Mixed Platforms.ActiveCfg = Release|Any CPU
		{48C7925B-7014-488D-B5CF-5B195020664C}.Release|Mixed Platforms.Build.0 = Release|Any CPU
		{48C7925B-7014-488D-B5CF-5B195020664C}.Release|Win32.ActiveCfg = Release|Any CPU
		{5876B72F-928F-4873-918C-2BB01ED2EEFC}.Debug|Any CPU.ActiveCfg = Debug|Any CPU
		{5876B72F-928F-4873-918C-2BB01ED2EEFC}.Debug|Any CPU.Build.0 = Debug|Any CPU
		{5876B72F-928F-4873-918C-2BB01ED2EEFC}.Debug|Mixed Platforms.ActiveCfg = Debug|Any CPU
		{5876B72F-928F-4873-918C-2BB01ED2EEFC}.Debug|Mixed Platforms.Build.0 = Debug|Any CPU
		{5876B72F-928F-4873-918C-2BB01ED2EEFC}.Debug|Win32.ActiveCfg = Debug|Any CPU
		{5876B72F-928F-4873-918C-2BB01ED2EEFC}.Release|Any CPU.ActiveCfg = Release|Any CPU
		{5876B72F-928F-4873-918C-2BB01ED2EEFC}.Release|Any CPU.Build.0 = Release|Any CPU
		{5876B72F-928F-4873-918C-2BB01ED2EEFC}.Release|Mixed Platforms.ActiveCfg = Release|Any CPU
		{5876B72F-928F-4873-918C-2BB01ED2EEFC}.Release|Mixed Platforms.Build.0 = Release|Any CPU
		{5876B72F-928F-4873-918C-2BB01ED2EEFC}.Release|Win32.ActiveCfg = Release|Any CPU
		{9CC9B6D0-1765-4974-AA08-60E86E7A8338}.Debug|Any CPU.ActiveCfg = Debug|Any CPU
		{9CC9B6D0-1765-4974-AA08-60E86E7A8338}.Debug|Any CPU.Build.0 = Debug|Any CPU
		{9CC9B6D0-1765-4974-AA08-60E86E7A8338}.Debug|Mixed Platforms.ActiveCfg = Debug|Any CPU
		{9CC9B6D0-1765-4974-AA08-60E86E7A8338}.Debug|Mixed Platforms.Build.0 = Debug|Any CPU
		{9CC9B6D0-1765-4974-AA08-60E86E7A8338}.Debug|Win32.ActiveCfg = Debug|Any CPU
		{9CC9B6D0-1765-4974-AA08-60E86E7A8338}.Release|Any CPU.ActiveCfg = Release|Any CPU
		{9CC9B6D0-1765-4974-AA08-60E86E7A8338}.Release|Any CPU.Build.0 = Release|Any CPU
		{9CC9B6D0-1765-4974-AA08-60E86E7A8338}.Release|Mixed Platforms.ActiveCfg = Release|Any CPU
		{9CC9B6D0-1765-4974-AA08-60E86E7A8338}.Release|Mixed Platforms.Build.0 = Release|Any CPU
		{9CC9B6D0-1765-4974-AA08-60E86E7A8338}.Release|Win32.ActiveCfg = Release|Any CPU
		{B1A0C693-743B-4D44-B043-FC021CA6CAC7}.Debug|Any CPU.ActiveCfg = Debug|Win32
		{B1A0C693-743B-4D44-B043-FC021CA6CAC7}.Debug|Mixed Platforms.ActiveCfg = Debug|Win32
		{B1A0C693-743B-4D44-B043-FC021CA6CAC7}.Debug|Mixed Platforms.Build.0 = Debug|Win32
		{B1A0C693-743B-4D44-B043-FC021CA6CAC7}.Debug|Win32.ActiveCfg = Debug|Win32
		{B1A0C693-743B-4D44-B043-FC021CA6CAC7}.Debug|Win32.Build.0 = Debug|Win32
		{B1A0C693-743B-4D44-B043-FC021CA6CAC7}.Release|Any CPU.ActiveCfg = Release|Win32
		{B1A0C693-743B-4D44-B043-FC021CA6CAC7}.Release|Mixed Platforms.ActiveCfg = Release|Win32
		{B1A0C693-743B-4D44-B043-FC021CA6CAC7}.Release|Mixed Platforms.Build.0 = Release|Win32
		{B1A0C693-743B-4D44-B043-FC021CA6CAC7}.Release|Win32.ActiveCfg = Release|Win32
		{B1A0C693-743B-4D44-B043-FC021CA6CAC7}.Release|Win32.Build.0 = Release|Win32
		{A03257B3-13B7-4533-8141-A91752F45F51}.Debug|Any CPU.ActiveCfg = Debug|Win32
		{A03257B3-13B7-4533-8141-A91752F45F51}.Debug|Mixed Platforms.ActiveCfg = Debug|Win32
		{A03257B3-13B7-4533-8141-A91752F45F51}.Debug|Mixed Platforms.Build.0 = Debug|Win32
		{A03257B3-13B7-4533-8141-A91752F45F51}.Debug|Win32.ActiveCfg = Debug|Win32
		{A03257B3-13B7-4533-8141-A91752F45F51}.Debug|Win32.Build.0 = Debug|Win32
		{A03257B3-13B7-4533-8141-A91752F45F51}.Release|Any CPU.ActiveCfg = Release|Win32
		{A03257B3-13B7-4533-8141-A91752F45F51}.Release|Mixed Platforms.ActiveCfg = Release|Win32
		{A03257B3-13B7-4533-8141-A91752F45F51}.Release|Mixed Platforms.Build.0 = Release|Win32
		{A03257B3-13B7-4533-8141-A91752F45F51}.Release|Win32.ActiveCfg = Release|Win32
		{A03257B3-13B7-4533-8141-A91752F45F51}.Release|Win32.Build.0 = Release|Win32
		{7C5A8968-812A-4E88-A9AE-A645376A670E}.Debug|Any CPU.ActiveCfg = Debug|Any CPU
		{7C5A8968-812A-4E88-A9AE-A645376A670E}.Debug|Any CPU.Build.0 = Debug|Any CPU
		{7C5A8968-812A-4E88-A9AE-A645376A670E}.Debug|Mixed Platforms.ActiveCfg = Debug|Any CPU
		{7C5A8968-812A-4E88-A9AE-A645376A670E}.Debug|Mixed Platforms.Build.0 = Debug|Any CPU
		{7C5A8968-812A-4E88-A9AE-A645376A670E}.Debug|Win32.ActiveCfg = Debug|Any CPU
		{7C5A8968-812A-4E88-A9AE-A645376A670E}.Release|Any CPU.ActiveCfg = Release|Any CPU
		{7C5A8968-812A-4E88-A9AE-A645376A670E}.Release|Any CPU.Build.0 = Release|Any CPU
		{7C5A8968-812A-4E88-A9AE-A645376A670E}.Release|Mixed Platforms.ActiveCfg = Release|Any CPU
		{7C5A8968-812A-4E88-A9AE-A645376A670E}.Release|Mixed Platforms.Build.0 = Release|Any CPU
		{7C5A8968-812A-4E88-A9AE-A645376A670E}.Release|Win32.ActiveCfg = Release|Any CPU
		{489F91AE-B1B4-4BB0-B0DA-3AE47F01D026}.Debug|Any CPU.ActiveCfg = Debug|Win32
		{489F91AE-B1B4-4BB0-B0DA-3AE47F01D026}.Debug|Mixed Platforms.ActiveCfg = Debug|Win32
		{489F91AE-B1B4-4BB0-B0DA-3AE47F01D026}.Debug|Mixed Platforms.Build.0 = Debug|Win32
		{489F91AE-B1B4-4BB0-B0DA-3AE47F01D026}.Debug|Win32.ActiveCfg = Debug|Win32
		{489F91AE-B1B4-4BB0-B0DA-3AE47F01D026}.Debug|Win32.Build.0 = Debug|Win32
		{489F91AE-B1B4-4BB0-B0DA-3AE47F01D026}.Release|Any CPU.ActiveCfg = Release|Win32
		{489F91AE-B1B4-4BB0-B0DA-3AE47F01D026}.Release|Mixed Platforms.ActiveCfg = Release|Win32
		{489F91AE-B1B4-4BB0-B0DA-3AE47F01D026}.Release|Mixed Platforms.Build.0 = Release|Win32
		{489F91AE-B1B4-4BB0-B0DA-3AE47F01D026}.Release|Win32.ActiveCfg = Release|Win32
		{489F91AE-B1B4-4BB0-B0DA-3AE47F01D026}.Release|Win32.Build.0 = Release|Win32
		{1AC93E3D-3A5E-4212-8565-B29E6A389528}.Debug|Any CPU.ActiveCfg = Debug|Win32
		{1AC93E3D-3A5E-4212-8565-B29E6A389528}.Debug|Mixed Platforms.ActiveCfg = Debug|Win32
		{1AC93E3D-3A5E-4212-8565-B29E6A389528}.Debug|Mixed Platforms.Build.0 = Debug|Win32
		{1AC93E3D-3A5E-4212-8565-B29E6A389528}.Debug|Win32.ActiveCfg = Debug|Win32
		{1AC93E3D-3A5E-4212-8565-B29E6A389528}.Debug|Win32.Build.0 = Debug|Win32
		{1AC93E3D-3A5E-4212-8565-B29E6A389528}.Release|Any CPU.ActiveCfg = Release|Win32
		{1AC93E3D-3A5E-4212-8565-B29E6A389528}.Release|Mixed Platforms.ActiveCfg = Release|Win32
		{1AC93E3D-3A5E-4212-8565-B29E6A389528}.Release|Mixed Platforms.Build.0 = Release|Win32
		{1AC93E3D-3A5E-4212-8565-B29E6A389528}.Release|Win32.ActiveCfg = Release|Win32
		{1AC93E3D-3A5E-4212-8565-B29E6A389528}.Release|Win32.Build.0 = Release|Win32
		{5B893221-B35C-4E2A-97C4-AB3BD3459D7D}.Debug|Any CPU.ActiveCfg = Debug|Win32
		{5B893221-B35C-4E2A-97C4-AB3BD3459D7D}.Debug|Mixed Platforms.ActiveCfg = Debug|Win32
		{5B893221-B35C-4E2A-97C4-AB3BD3459D7D}.Debug|Mixed Platforms.Build.0 = Debug|Win32
		{5B893221-B35C-4E2A-97C4-AB3BD3459D7D}.Debug|Win32.ActiveCfg = Debug|Win32
		{5B893221-B35C-4E2A-97C4-AB3BD3459D7D}.Debug|Win32.Build.0 = Debug|Win32
		{5B893221-B35C-4E2A-97C4-AB3BD3459D7D}.Release|Any CPU.ActiveCfg = Release|Win32
		{5B893221-B35C-4E2A-97C4-AB3BD3459D7D}.Release|Mixed Platforms.ActiveCfg = Release|Win32
		{5B893221-B35C-4E2A-97C4-AB3BD3459D7D}.Release|Mixed Platforms.Build.0 = Release|Win32
		{5B893221-B35C-4E2A-97C4-AB3BD3459D7D}.Release|Win32.ActiveCfg = Release|Win32
		{5B893221-B35C-4E2A-97C4-AB3BD3459D7D}.Release|Win32.Build.0 = Release|Win32
		{F8C034D9-F8D9-445A-8046-9C670D0ABCE0}.Debug|Any CPU.ActiveCfg = Debug|Win32
		{F8C034D9-F8D9-445A-8046-9C670D0ABCE0}.Debug|Mixed Platforms.ActiveCfg = Debug|Win32
		{F8C034D9-F8D9-445A-8046-9C670D0ABCE0}.Debug|Mixed Platforms.Build.0 = Debug|Win32
		{F8C034D9-F8D9-445A-8046-9C670D0ABCE0}.Debug|Win32.ActiveCfg = Debug|Win32
		{F8C034D9-F8D9-445A-8046-9C670D0ABCE0}.Debug|Win32.Build.0 = Debug|Win32
		{F8C034D9-F8D9-445A-8046-9C670D0ABCE0}.Release|Any CPU.ActiveCfg = Release|Win32
		{F8C034D9-F8D9-445A-8046-9C670D0ABCE0}.Release|Mixed Platforms.ActiveCfg = Release|Win32
		{F8C034D9-F8D9-445A-8046-9C670D0ABCE0}.Release|Mixed Platforms.Build.0 = Release|Win32
		{F8C034D9-F8D9-445A-8046-9C670D0ABCE0}.Release|Win32.ActiveCfg = Release|Win32
		{F8C034D9-F8D9-445A-8046-9C670D0ABCE0}.Release|Win32.Build.0 = Release|Win32
		{5C68B0CD-DA0D-4EBB-900F-337FE3C34E67}.Debug|Any CPU.ActiveCfg = Debug|Win32
		{5C68B0CD-DA0D-4EBB-900F-337FE3C34E67}.Debug|Mixed Platforms.ActiveCfg = Debug|Win32
		{5C68B0CD-DA0D-4EBB-900F-337FE3C34E67}.Debug|Mixed Platforms.Build.0 = Debug|Win32
		{5C68B0CD-DA0D-4EBB-900F-337FE3C34E67}.Debug|Win32.ActiveCfg = Debug|Win32
		{5C68B0CD-DA0D-4EBB-900F-337FE3C34E67}.Debug|Win32.Build.0 = Debug|Win32
		{5C68B0CD-DA0D-4EBB-900F-337FE3C34E67}.Release|Any CPU.ActiveCfg = Release|Win32
		{5C68B0CD-DA0D-4EBB-900F-337FE3C34E67}.Release|Mixed Platforms.ActiveCfg = Release|Win32
		{5C68B0CD-DA0D-4EBB-900F-337FE3C34E67}.Release|Mixed Platforms.Build.0 = Release|Win32
		{5C68B0CD-DA0D-4EBB-900F-337FE3C34E67}.Release|Win32.ActiveCfg = Release|Win32
		{5C68B0CD-DA0D-4EBB-900F-337FE3C34E67}.Release|Win32.Build.0 = Release|Win32
		{6D4F3F5E-83B1-4923-A8AB-03E664E91A1B}.Debug|Any CPU.ActiveCfg = Debug|Any CPU
		{6D4F3F5E-83B1-4923-A8AB-03E664E91A1B}.Debug|Any CPU.Build.0 = Debug|Any CPU
		{6D4F3F5E-83B1-4923-A8AB-03E664E91A1B}.Debug|Mixed Platforms.ActiveCfg = Debug|Any CPU
		{6D4F3F5E-83B1-4923-A8AB-03E664E91A1B}.Debug|Mixed Platforms.Build.0 = Debug|Any CPU
		{6D4F3F5E-83B1-4923-A8AB-03E664E91A1B}.Debug|Win32.ActiveCfg = Debug|Any CPU
		{6D4F3F5E-83B1-4923-A8AB-03E664E91A1B}.Release|Any CPU.ActiveCfg = Release|Any CPU
		{6D4F3F5E-83B1-4923-A8AB-03E664E91A1B}.Release|Any CPU.Build.0 = Release|Any CPU
		{6D4F3F5E-83B1-4923-A8AB-03E664E91A1B}.Release|Mixed Platforms.ActiveCfg = Release|Any CPU
		{6D4F3F5E-83B1-4923-A8AB-03E664E91A1B}.Release|Mixed Platforms.Build.0 = Release|Any CPU
		{6D4F3F5E-83B1-4923-A8AB-03E664E91A1B}.Release|Win32.ActiveCfg = Release|Any CPU
		{8BD15C57-8CD1-4A47-ADE7-2A9FC0EEC79C}.Debug|Any CPU.ActiveCfg = Debug|Win32
		{8BD15C57-8CD1-4A47-ADE7-2A9FC0EEC79C}.Debug|Mixed Platforms.ActiveCfg = Debug|Win32
		{8BD15C57-8CD1-4A47-ADE7-2A9FC0EEC79C}.Debug|Mixed Platforms.Build.0 = Debug|Win32
		{8BD15C57-8CD1-4A47-ADE7-2A9FC0EEC79C}.Debug|Win32.ActiveCfg = Debug|Win32
		{8BD15C57-8CD1-4A47-ADE7-2A9FC0EEC79C}.Debug|Win32.Build.0 = Debug|Win32
		{8BD15C57-8CD1-4A47-ADE7-2A9FC0EEC79C}.Release|Any CPU.ActiveCfg = Release|Win32
		{8BD15C57-8CD1-4A47-ADE7-2A9FC0EEC79C}.Release|Mixed Platforms.ActiveCfg = Release|Win32
		{8BD15C57-8CD1-4A47-ADE7-2A9FC0EEC79C}.Release|Mixed Platforms.Build.0 = Release|Win32
		{8BD15C57-8CD1-4A47-ADE7-2A9FC0EEC79C}.Release|Win32.ActiveCfg = Release|Win32
		{8BD15C57-8CD1-4A47-ADE7-2A9FC0EEC79C}.Release|Win32.Build.0 = Release|Win32
		{11A0505A-0A3B-4C19-AE51-10E5E3999BF7}.Debug|Any CPU.ActiveCfg = Debug|Win32
		{11A0505A-0A3B-4C19-AE51-10E5E3999BF7}.Debug|Mixed Platforms.ActiveCfg = Debug|Win32
		{11A0505A-0A3B-4C19-AE51-10E5E3999BF7}.Debug|Mixed Platforms.Build.0 = Debug|Win32
		{11A0505A-0A3B-4C19-AE51-10E5E3999BF7}.Debug|Win32.ActiveCfg = Debug|Win32
		{11A0505A-0A3B-4C19-AE51-10E5E3999BF7}.Debug|Win32.Build.0 = Debug|Win32
		{11A0505A-0A3B-4C19-AE51-10E5E3999BF7}.Release|Any CPU.ActiveCfg = Release|Win32
		{11A0505A-0A3B-4C19-AE51-10E5E3999BF7}.Release|Mixed Platforms.ActiveCfg = Release|Win32
		{11A0505A-0A3B-4C19-AE51-10E5E3999BF7}.Release|Mixed Platforms.Build.0 = Release|Win32
		{11A0505A-0A3B-4C19-AE51-10E5E3999BF7}.Release|Win32.ActiveCfg = Release|Win32
		{11A0505A-0A3B-4C19-AE51-10E5E3999BF7}.Release|Win32.Build.0 = Release|Win32
		{EECAA793-79C7-4201-838C-52B9F146EFCD}.Debug|Any CPU.ActiveCfg = Debug|Win32
		{EECAA793-79C7-4201-838C-52B9F146EFCD}.Debug|Mixed Platforms.ActiveCfg = Debug|Win32
		{EECAA793-79C7-4201-838C-52B9F146EFCD}.Debug|Mixed Platforms.Build.0 = Debug|Win32
		{EECAA793-79C7-4201-838C-52B9F146EFCD}.Debug|Win32.ActiveCfg = Debug|Win32
		{EECAA793-79C7-4201-838C-52B9F146EFCD}.Debug|Win32.Build.0 = Debug|Win32
		{EECAA793-79C7-4201-838C-52B9F146EFCD}.Release|Any CPU.ActiveCfg = Release|Win32
		{EECAA793-79C7-4201-838C-52B9F146EFCD}.Release|Mixed Platforms.ActiveCfg = Release|Win32
		{EECAA793-79C7-4201-838C-52B9F146EFCD}.Release|Mixed Platforms.Build.0 = Release|Win32
		{EECAA793-79C7-4201-838C-52B9F146EFCD}.Release|Win32.ActiveCfg = Release|Win32
		{EECAA793-79C7-4201-838C-52B9F146EFCD}.Release|Win32.Build.0 = Release|Win32
		{51427634-757F-47C2-94FE-15921ADCA582}.Debug|Any CPU.ActiveCfg = Debug|Any CPU
		{51427634-757F-47C2-94FE-15921ADCA582}.Debug|Any CPU.Build.0 = Debug|Any CPU
		{51427634-757F-47C2-94FE-15921ADCA582}.Debug|Mixed Platforms.ActiveCfg = Debug|Any CPU
		{51427634-757F-47C2-94FE-15921ADCA582}.Debug|Mixed Platforms.Build.0 = Debug|Any CPU
		{51427634-757F-47C2-94FE-15921ADCA582}.Debug|Win32.ActiveCfg = Debug|Any CPU
		{51427634-757F-47C2-94FE-15921ADCA582}.Release|Any CPU.ActiveCfg = Release|Any CPU
		{51427634-757F-47C2-94FE-15921ADCA582}.Release|Any CPU.Build.0 = Release|Any CPU
		{51427634-757F-47C2-94FE-15921ADCA582}.Release|Mixed Platforms.ActiveCfg = Release|Any CPU
		{51427634-757F-47C2-94FE-15921ADCA582}.Release|Mixed Platforms.Build.0 = Release|Any CPU
		{51427634-757F-47C2-94FE-15921ADCA582}.Release|Win32.ActiveCfg = Release|Any CPU
	EndGlobalSection
	GlobalSection(SolutionProperties) = preSolution
		HideSolutionNode = FALSE
	EndGlobalSection
EndGlobal
